
Microsoft Visual Studio Solution File, Format Version 12.00
# Visual Studio 2013
VisualStudioVersion = 12.0.40629.0
MinimumVisualStudioVersion = 10.0.40219.1
Project("{8BC9CEB8-8B4A-11D0-8D11-00A0C91BC942}") = "CourseBid_Common", "CourseBid_Common\CourseBid_Common.vcxproj", "{8308E13F-DD32-45C0-BBC3-EC2F175EBCE0}"
EndProject
Project("{8BC9CEB8-8B4A-11D0-8D11-00A0C91BC942}") = "CourseBid_Storage", "CourseBid_Storage\CourseBid_Storage.vcxproj", "{67C96AFB-BDB8-453B-8C01-B6B83A0D11CB}"
EndProject
Project("{8BC9CEB8-8B4A-11D0-8D11-00A0C91BC942}") = "CourseBid_UI", "CourseBid_UI\CourseBid_UI.vcxproj", "{5093C06A-B620-42F6-952E-2C44F11AD684}"
EndProject
Project("{8BC9CEB8-8B4A-11D0-8D11-00A0C91BC942}") = "CourseBid_SecretaryTerminal", "CourseBid_SecretaryTerminal\CourseBid_SecretaryTerminal.vcxproj", "{994E201A-0F0C-42D7-9992-720D3DEA9964}"
EndProject
Project("{8BC9CEB8-8B4A-11D0-8D11-00A0C91BC942}") = "CourseBid_RegistrationTerminal", "CourseBid_RegistrationTerminal\CourseBid_RegistrationTerminal.vcxproj", "{03CFED1B-E66F-4E7F-8769-64DCF08A1871}"
EndProject
Project("{8BC9CEB8-8B4A-11D0-8D11-00A0C91BC942}") = "CourseBid_Utils", "CourseBid_Utils\CourseBid_Utils.vcxproj", "{FE043D66-45C8-49FB-B225-C9ABD4368166}"
EndProject
Global
	GlobalSection(SolutionConfigurationPlatforms) = preSolution
		Debug|Win32 = Debug|Win32
		Release|Win32 = Release|Win32
	EndGlobalSection
	GlobalSection(ProjectConfigurationPlatforms) = postSolution
		{8308E13F-DD32-45C0-BBC3-EC2F175EBCE0}.Debug|Win32.ActiveCfg = Debug|Win32
		{8308E13F-DD32-45C0-BBC3-EC2F175EBCE0}.Debug|Win32.Build.0 = Debug|Win32
		{8308E13F-DD32-45C0-BBC3-EC2F175EBCE0}.Release|Win32.ActiveCfg = Release|Win32
		{8308E13F-DD32-45C0-BBC3-EC2F175EBCE0}.Release|Win32.Build.0 = Release|Win32
		{67C96AFB-BDB8-453B-8C01-B6B83A0D11CB}.Debug|Win32.ActiveCfg = Debug|Win32
		{67C96AFB-BDB8-453B-8C01-B6B83A0D11CB}.Debug|Win32.Build.0 = Debug|Win32
		{67C96AFB-BDB8-453B-8C01-B6B83A0D11CB}.Release|Win32.ActiveCfg = Release|Win32
		{67C96AFB-BDB8-453B-8C01-B6B83A0D11CB}.Release|Win32.Build.0 = Release|Win32
		{5093C06A-B620-42F6-952E-2C44F11AD684}.Debug|Win32.ActiveCfg = Debug|Win32
		{5093C06A-B620-42F6-952E-2C44F11AD684}.Debug|Win32.Build.0 = Debug|Win32
		{5093C06A-B620-42F6-952E-2C44F11AD684}.Release|Win32.ActiveCfg = Release|Win32
		{5093C06A-B620-42F6-952E-2C44F11AD684}.Release|Win32.Build.0 = Release|Win32
		{994E201A-0F0C-42D7-9992-720D3DEA9964}.Debug|Win32.ActiveCfg = Debug|Win32
		{994E201A-0F0C-42D7-9992-720D3DEA9964}.Debug|Win32.Build.0 = Debug|Win32
		{994E201A-0F0C-42D7-9992-720D3DEA9964}.Release|Win32.ActiveCfg = Release|Win32
		{994E201A-0F0C-42D7-9992-720D3DEA9964}.Release|Win32.Build.0 = Release|Win32
		{03CFED1B-E66F-4E7F-8769-64DCF08A1871}.Debug|Win32.ActiveCfg = Debug|Win32
		{03CFED1B-E66F-4E7F-8769-64DCF08A1871}.Debug|Win32.Build.0 = Debug|Win32
		{03CFED1B-E66F-4E7F-8769-64DCF08A1871}.Release|Win32.ActiveCfg = Release|Win32
		{03CFED1B-E66F-4E7F-8769-64DCF08A1871}.Release|Win32.Build.0 = Release|Win32
		{FE043D66-45C8-49FB-B225-C9ABD4368166}.Debug|Win32.ActiveCfg = Debug|Win32
		{FE043D66-45C8-49FB-B225-C9ABD4368166}.Debug|Win32.Build.0 = Debug|Win32
		{FE043D66-45C8-49FB-B225-C9ABD4368166}.Release|Win32.ActiveCfg = Release|Win32
		{FE043D66-45C8-49FB-B225-C9ABD4368166}.Release|Win32.Build.0 = Release|Win32
	EndGlobalSection
	GlobalSection(SolutionProperties) = preSolution
		HideSolutionNode = FALSE
	EndGlobalSection
EndGlobal
