<?xml version="1.0" encoding="utf-8"?>
<Project ToolsVersion="4.0" xmlns="http://schemas.microsoft.com/developer/msbuild/2003">
  <ItemGroup>
    <Filter Include="Source Files">
      <UniqueIdentifier>{4FC737F1-C7A5-4376-A066-2A32D752A2FF}</UniqueIdentifier>
      <Extensions>cpp;c;cc;cxx;def;odl;idl;hpj;bat;asm;asmx</Extensions>
    </Filter>
    <Filter Include="Header Files">
      <UniqueIdentifier>{93995380-89BD-4b04-88EB-625FBE52EBFB}</UniqueIdentifier>
      <Extensions>h;hh;hpp;hxx;hm;inl;inc;xsd</Extensions>
    </Filter>
    <Filter Include="Resource Files">
      <UniqueIdentifier>{67DA6AB6-F800-4c08-8B7A-83BB121AAD01}</UniqueIdentifier>
      <Extensions>rc;ico;cur;bmp;dlg;rc2;rct;bin;rgs;gif;jpg;jpeg;jpe;resx;tiff;tif;png;wav;mfcribbon-ms</Extensions>
    </Filter>
    <Filter Include="External">
      <UniqueIdentifier>{2ded0be1-901c-49d2-8c59-8f950c375139}</UniqueIdentifier>
    </Filter>
  </ItemGroup>
  <ItemGroup>
    <ClCompile Include="Course.cpp">
      <Filter>Source Files</Filter>
    </ClCompile>
    <ClCompile Include="maincpp.cpp">
      <Filter>Source Files</Filter>
    </ClCompile>
    <ClCompile Include="CourseDataScreen.cpp">
      <Filter>Source Files</Filter>
    </ClCompile>
    <ClCompile Include="Student.cpp">
      <Filter>Source Files</Filter>
    </ClCompile>
    <ClCompile Include="Technician.cpp">
      <Filter>Source Files</Filter>
    </ClCompile>
    <ClCompile Include="RegistrationStartDate.cpp">
      <Filter>Source Files</Filter>
    </ClCompile>
    <ClCompile Include="AssignitionResultScreen.cpp">
      <Filter>Source Files</Filter>
    </ClCompile>
    <ClCompile Include="AssignmentCalculator.cpp">
      <Filter>Source Files</Filter>
    </ClCompile>
    <ClCompile Include="CourseListScreen.cpp">
      <Filter>Source Files</Filter>
    </ClCompile>
    <ClCompile Include="StudentListScreen.cpp">
      <Filter>Source Files</Filter>
    </ClCompile>
    <ClCompile Include="AssignitionResultsCourseScreen.cpp">
      <Filter>Source Files</Filter>
    </ClCompile>
    <ClCompile Include="AssignitionResultsStudentScreen.cpp">
      <Filter>Source Files</Filter>
    </ClCompile>
    <ClCompile Include="StudentDataScreen.cpp">
      <Filter>Source Files</Filter>
    </ClCompile>
    <ClCompile Include="..\CourseBid_Storage\FileStorage.cpp">
      <Filter>External</Filter>
    </ClCompile>
    <ClCompile Include="..\CourseBid_Utils\EventLog.cpp">
      <Filter>External</Filter>
    </ClCompile>
    <ClCompile Include="..\CourseBid_Storage\DBEventLog.cpp">
      <Filter>External</Filter>
    </ClCompile>
    <ClCompile Include="CourseEventLog.cpp">
      <Filter>Source Files</Filter>
    </ClCompile>
    <ClCompile Include="StudentEventLog.cpp">
      <Filter>Source Files</Filter>
    </ClCompile>
    <ClCompile Include="User.cpp">
      <Filter>Source Files</Filter>
    </ClCompile>
    <ClCompile Include="CircleDetection.cpp">
      <Filter>Source Files</Filter>
    </ClCompile>
  </ItemGroup>
  <ItemGroup>
    <ClInclude Include="Course.h">
      <Filter>Header Files</Filter>
    </ClInclude>
    <ClInclude Include="IdObj.h">
      <Filter>Header Files</Filter>
    </ClInclude>
    <ClInclude Include="..\CourseBid_Storage\FileStorage.h">
      <Filter>External</Filter>
    </ClInclude>
    <ClInclude Include="..\CourseBid_Storage\IStorage.h">
      <Filter>External</Filter>
    </ClInclude>
    <ClInclude Include="..\CourseBid_UI\UIScreen.h">
      <Filter>External</Filter>
    </ClInclude>
    <ClInclude Include="..\CourseBid_UI\UITerminal.h">
      <Filter>External</Filter>
    </ClInclude>
    <ClInclude Include="..\CourseBid_UI\UIDataScreen.h">
      <Filter>External</Filter>
    </ClInclude>
    <ClInclude Include="..\CourseBid_UI\UIListScreen.h">
      <Filter>External</Filter>
    </ClInclude>
    <ClInclude Include="..\CourseBid_UI\UIMainScreen.h">
      <Filter>External</Filter>
    </ClInclude>
    <ClInclude Include="..\CourseBid_UI\UIErrorScreen.h">
      <Filter>External</Filter>
    </ClInclude>
    <ClInclude Include="CourseDataScreen.h">
      <Filter>Header Files</Filter>
    </ClInclude>
    <ClInclude Include="User.h">
      <Filter>Header Files</Filter>
    </ClInclude>
    <ClInclude Include="Student.h">
      <Filter>Header Files</Filter>
    </ClInclude>
    <ClInclude Include="Technician.h">
      <Filter>Header Files</Filter>
    </ClInclude>
    <ClInclude Include="RegistrationStartDate.h">
      <Filter>Header Files</Filter>
    </ClInclude>
    <ClInclude Include="CoursePair.h">
      <Filter>Header Files</Filter>
    </ClInclude>
    <ClInclude Include="AssignitionResultsScreen.h">
      <Filter>Header Files</Filter>
    </ClInclude>
    <ClInclude Include="AssignmentCalculator.h">
      <Filter>Header Files</Filter>
    </ClInclude>
    <ClInclude Include="CourseListScreen.h">
      <Filter>Header Files</Filter>
    </ClInclude>
    <ClInclude Include="StudentListScreen.h">
      <Filter>Header Files</Filter>
    </ClInclude>
    <ClInclude Include="AssignitionResultsCourseScreen.h">
      <Filter>Header Files</Filter>
    </ClInclude>
    <ClInclude Include="AssignitionResultsStudentScreen.h">
      <Filter>Header Files</Filter>
    </ClInclude>
    <ClInclude Include="StudentDataScreen.h">
      <Filter>Header Files</Filter>
    </ClInclude>
    <ClInclude Include="..\CourseBid_Utils\EventLog.h">
      <Filter>External</Filter>
    </ClInclude>
    <ClInclude Include="..\CourseBid_Storage\DBEventLog.h">
      <Filter>External</Filter>
    </ClInclude>
    <ClInclude Include="CourseEventLog.h">
      <Filter>Header Files</Filter>
    </ClInclude>
    <ClInclude Include="StudentEventLog.h">
      <Filter>Header Files</Filter>
    </ClInclude>
    <ClInclude Include="CircleDetection.h">
      <Filter>Header Files</Filter>
    </ClInclude>
  </ItemGroup>
</Project>