<?xml version="1.0" encoding="utf-8"?>
<Project ToolsVersion="4.0" xmlns="http://schemas.microsoft.com/developer/msbuild/2003">
  <ItemGroup>
    <Filter Include="Source Files">
      <UniqueIdentifier>{4FC737F1-C7A5-4376-A066-2A32D752A2FF}</UniqueIdentifier>
      <Extensions>cpp;c;cc;cxx;def;odl;idl;hpj;bat;asm;asmx</Extensions>
    </Filter>
    <Filter Include="Header Files">
      <UniqueIdentifier>{93995380-89BD-4b04-88EB-625FBE52EBFB}</UniqueIdentifier>
      <Extensions>h;hh;hpp;hxx;hm;inl;inc;xsd</Extensions>
    </Filter>
    <Filter Include="Resource Files">
      <UniqueIdentifier>{67DA6AB6-F800-4c08-8B7A-83BB121AAD01}</UniqueIdentifier>
      <Extensions>rc;ico;cur;bmp;dlg;rc2;rct;bin;rgs;gif;jpg;jpeg;jpe;resx;tiff;tif;png;wav;mfcribbon-ms</Extensions>
    </Filter>
    <Filter Include="External">
      <UniqueIdentifier>{8d07d305-67e3-4a0c-be10-b8619c51e415}</UniqueIdentifier>
    </Filter>
  </ItemGroup>
  <ItemGroup>
    <ClCompile Include="maincpp.cpp">
      <Filter>Source Files</Filter>
    </ClCompile>
    <ClCompile Include="SecretaryTerminal.cpp">
      <Filter>Source Files</Filter>
    </ClCompile>
    <ClCompile Include="..\CourseBid_Common\Course.cpp">
      <Filter>External</Filter>
    </ClCompile>
    <ClCompile Include="..\CourseBid_Storage\FileStorage.cpp">
      <Filter>External</Filter>
    </ClCompile>
    <ClCompile Include="CourseAddNewScreen.cpp">
      <Filter>Source Files</Filter>
    </ClCompile>
    <ClCompile Include="StudentAddNewScreen.cpp">
      <Filter>Source Files</Filter>
    </ClCompile>
    <ClCompile Include="VerifyDependencies.cpp">
      <Filter>Source Files</Filter>
    </ClCompile>
    <ClCompile Include="CircleDetection.cpp">
      <Filter>Source Files</Filter>
    </ClCompile>
    <ClCompile Include="CourseEditScreen.cpp">
      <Filter>Source Files</Filter>
    </ClCompile>
    <ClCompile Include="StudentEditScreen.cpp">
      <Filter>Source Files</Filter>
    </ClCompile>
    <ClCompile Include="SetRegistrationStartDateScreen.cpp">
      <Filter>Source Files</Filter>
    </ClCompile>
    <ClCompile Include="SetExpressionScreen.cpp">
      <Filter>Source Files</Filter>
    </ClCompile>
    <ClCompile Include="SecretaryMainScreen.cpp">
      <Filter>Source Files</Filter>
    </ClCompile>
    <ClCompile Include="StudentAddCompletedScreen.cpp">
      <Filter>Source Files</Filter>
    </ClCompile>
    <ClCompile Include="CourseAddPrerequisiteScreen.cpp">
      <Filter>Source Files</Filter>
    </ClCompile>
    <ClCompile Include="StudentRemoveCompletedScreen.cpp">
      <Filter>Source Files</Filter>
    </ClCompile>
    <ClCompile Include="ReleaseTerminalScreen.cpp">
      <Filter>Source Files</Filter>
    </ClCompile>
    <ClCompile Include="StudentUnlockScreen.cpp">
      <Filter>Source Files</Filter>
    </ClCompile>
    <ClCompile Include="StudentResetPassScreen.cpp">
      <Filter>Source Files</Filter>
    </ClCompile>
    <ClCompile Include="CourseRemovePrerequisiteScreen.cpp">
      <Filter>Source Files</Filter>
    </ClCompile>
    <ClCompile Include="..\CourseBid_Utils\EventLog.cpp">
      <Filter>External</Filter>
    </ClCompile>
    <ClCompile Include="..\CourseBid_Storage\DBEventLog.cpp">
      <Filter>External</Filter>
    </ClCompile>
    <ClCompile Include="..\CourseBid_Common\CourseEventLog.cpp">
      <Filter>External</Filter>
    </ClCompile>
    <ClCompile Include="..\CourseBid_Common\StudentEventLog.cpp">
      <Filter>External</Filter>
    </ClCompile>
    <ClCompile Include="..\CourseBid_Common\User.cpp">
      <Filter>External</Filter>
    </ClCompile>
    <ClCompile Include="..\CourseBid_Common\Student.cpp">
      <Filter>External</Filter>
    </ClCompile>
  </ItemGroup>
  <ItemGroup>
    <ClInclude Include="..\CourseBid_Storage\FileStorage.h">
      <Filter>External</Filter>
    </ClInclude>
    <ClInclude Include="..\CourseBid_Storage\IStorage.h">
      <Filter>External</Filter>
    </ClInclude>
    <ClInclude Include="..\CourseBid_UI\UIDataScreen.h">
      <Filter>External</Filter>
    </ClInclude>
    <ClInclude Include="..\CourseBid_UI\UIErrorScreen.h">
      <Filter>External</Filter>
    </ClInclude>
    <ClInclude Include="..\CourseBid_UI\UIListScreen.h">
      <Filter>External</Filter>
    </ClInclude>
    <ClInclude Include="..\CourseBid_UI\UILockScreen.h">
      <Filter>External</Filter>
    </ClInclude>
    <ClInclude Include="..\CourseBid_UI\UIMainScreen.h">
      <Filter>External</Filter>
    </ClInclude>
    <ClInclude Include="..\CourseBid_UI\UIScreen.h">
      <Filter>External</Filter>
    </ClInclude>
    <ClInclude Include="..\CourseBid_UI\UITerminal.h">
      <Filter>External</Filter>
    </ClInclude>
    <ClInclude Include="..\CourseBid_Common\Course.h">
      <Filter>External</Filter>
    </ClInclude>
    <ClInclude Include="..\CourseBid_Common\IdObj.h">
      <Filter>External</Filter>
    </ClInclude>
    <ClInclude Include="SecretaryTerminal.h">
      <Filter>Header Files</Filter>
    </ClInclude>
    <ClInclude Include="CourseAddNewScreen.h">
      <Filter>Header Files</Filter>
    </ClInclude>
    <ClInclude Include="StudentAddNewScreen.h">
      <Filter>Header Files</Filter>
    </ClInclude>
    <ClInclude Include="VerifyDependencies.h">
      <Filter>Header Files</Filter>
    </ClInclude>
    <ClInclude Include="CircleDetection.h">
      <Filter>Header Files</Filter>
    </ClInclude>
    <ClInclude Include="CourseEditScreen.h">
      <Filter>Header Files</Filter>
    </ClInclude>
    <ClInclude Include="StudentEditScreen.h">
      <Filter>Header Files</Filter>
    </ClInclude>
    <ClInclude Include="SetRegistrationStartDateScreen.h">
      <Filter>Header Files</Filter>
    </ClInclude>
    <ClInclude Include="SetExpressionScreen.h">
      <Filter>Header Files</Filter>
    </ClInclude>
    <ClInclude Include="SecretaryMainScreen.h">
      <Filter>Header Files</Filter>
    </ClInclude>
    <ClInclude Include="..\CourseBid_Utils\Expression.h">
      <Filter>External</Filter>
    </ClInclude>
    <ClInclude Include="StudentAddCompletedScreen.h">
      <Filter>Header Files</Filter>
    </ClInclude>
    <ClInclude Include="CourseAddPrerequisiteScreen.h">
      <Filter>Header Files</Filter>
    </ClInclude>
    <ClInclude Include="StudentRemoveCompletedScreen.h">
      <Filter>Header Files</Filter>
    </ClInclude>
    <ClInclude Include="ReleaseTerminalScreen.h">
      <Filter>Header Files</Filter>
    </ClInclude>
    <ClInclude Include="StudentUnlockScreen.h">
      <Filter>Header Files</Filter>
    </ClInclude>
    <ClInclude Include="StudentResetPassScreen.h">
      <Filter>Header Files</Filter>
    </ClInclude>
    <ClInclude Include="CourseRemovePrerequisiteScreen.h">
      <Filter>Header Files</Filter>
    </ClInclude>
    <ClInclude Include="..\CourseBid_Utils\EventLog.h">
      <Filter>External</Filter>
    </ClInclude>
    <ClInclude Include="..\CourseBid_Storage\DBEventLog.h">
      <Filter>External</Filter>
    </ClInclude>
    <ClInclude Include="..\CourseBid_Common\CourseEventLog.h">
      <Filter>External</Filter>
    </ClInclude>
    <ClInclude Include="..\CourseBid_Common\StudentEventLog.h">
      <Filter>External</Filter>
    </ClInclude>
    <ClInclude Include="..\CourseBid_Common\User.h">
      <Filter>External</Filter>
    </ClInclude>
    <ClInclude Include="..\CourseBid_Common\Student.h">
      <Filter>External</Filter>
    </ClInclude>
  </ItemGroup>
</Project>